
Microsoft Visual Studio Solution File, Format Version 12.00
# Visual Studio 14
VisualStudioVersion = 14.0.25420.1
MinimumVisualStudioVersion = 10.0.40219.1
Project("{FAE04EC0-301F-11D3-BF4B-00C04F79EFBC}") = "EEAFormI9Portal", "EEAFormI9Portal\EEAFormI9Portal.csproj", "{B2A7037A-BBD0-4C6E-A7D6-C5110503403E}"
EndProject
Project("{FAE04EC0-301F-11D3-BF4B-00C04F79EFBC}") = "EEAFormI9Portal.EF", "EEAFormI9Portal.EF\EEAFormI9Portal.EF.csproj", "{1871D750-0881-4462-9FB1-F96B95C61069}"
EndProject
Project("{FAE04EC0-301F-11D3-BF4B-00C04F79EFBC}") = "EEAFormI9Portal.Factory", "EEAFormI9Portal.Factory\EEAFormI9Portal.Factory.csproj", "{8110AD18-20A8-421B-91F1-F77860B76D36}"
EndProject
Project("{FAE04EC0-301F-11D3-BF4B-00C04F79EFBC}") = "EEAFormI9Portal.Models", "EEAFormI9Portal.Models\EEAFormI9Portal.Models.csproj", "{271D7327-C554-408F-B98B-FEDBD5EFFCD5}"
EndProject
Global
	GlobalSection(SolutionConfigurationPlatforms) = preSolution
		Debug|Any CPU = Debug|Any CPU
		Release|Any CPU = Release|Any CPU
	EndGlobalSection
	GlobalSection(ProjectConfigurationPlatforms) = postSolution
		{B2A7037A-BBD0-4C6E-A7D6-C5110503403E}.Debug|Any CPU.ActiveCfg = Debug|Any CPU
		{B2A7037A-BBD0-4C6E-A7D6-C5110503403E}.Debug|Any CPU.Build.0 = Debug|Any CPU
		{B2A7037A-BBD0-4C6E-A7D6-C5110503403E}.Release|Any CPU.ActiveCfg = Release|Any CPU
		{B2A7037A-BBD0-4C6E-A7D6-C5110503403E}.Release|Any CPU.Build.0 = Release|Any CPU
		{1871D750-0881-4462-9FB1-F96B95C61069}.Debug|Any CPU.ActiveCfg = Debug|Any CPU
		{1871D750-0881-4462-9FB1-F96B95C61069}.Debug|Any CPU.Build.0 = Debug|Any CPU
		{1871D750-0881-4462-9FB1-F96B95C61069}.Release|Any CPU.ActiveCfg = Release|Any CPU
		{1871D750-0881-4462-9FB1-F96B95C61069}.Release|Any CPU.Build.0 = Release|Any CPU
		{8110AD18-20A8-421B-91F1-F77860B76D36}.Debug|Any CPU.ActiveCfg = Debug|Any CPU
		{8110AD18-20A8-421B-91F1-F77860B76D36}.Debug|Any CPU.Build.0 = Debug|Any CPU
		{8110AD18-20A8-421B-91F1-F77860B76D36}.Release|Any CPU.ActiveCfg = Release|Any CPU
		{8110AD18-20A8-421B-91F1-F77860B76D36}.Release|Any CPU.Build.0 = Release|Any CPU
		{271D7327-C554-408F-B98B-FEDBD5EFFCD5}.Debug|Any CPU.ActiveCfg = Debug|Any CPU
		{271D7327-C554-408F-B98B-FEDBD5EFFCD5}.Debug|Any CPU.Build.0 = Debug|Any CPU
		{271D7327-C554-408F-B98B-FEDBD5EFFCD5}.Release|Any CPU.ActiveCfg = Release|Any CPU
		{271D7327-C554-408F-B98B-FEDBD5EFFCD5}.Release|Any CPU.Build.0 = Release|Any CPU
	EndGlobalSection
	GlobalSection(SolutionProperties) = preSolution
		HideSolutionNode = FALSE
	EndGlobalSection
EndGlobal
